// !$*UTF8*$!
{
	archiveVersion = 1;
	classes = {
	};
	objectVersion = 46;
	objects = {

/* Begin PBXBuildFile section */
		814C3ACA1B69877600E307BB /* Main.storyboard in Resources */ = {isa = PBXBuildFile; fileRef = 814C3AC61B69877600E307BB /* Main.storyboard */; };
		81BA814B1A49DA1800E65899 /* AppDelegate.swift in Sources */ = {isa = PBXBuildFile; fileRef = 81BA814A1A49DA1800E65899 /* AppDelegate.swift */; };
		81BA81771A49E0D500E65899 /* libsqlite3.dylib in Frameworks */ = {isa = PBXBuildFile; fileRef = 81BA81761A49E0D500E65899 /* libsqlite3.dylib */; };
		81BA81791A49E0DB00E65899 /* AudioToolbox.framework in Frameworks */ = {isa = PBXBuildFile; fileRef = 81BA81781A49E0DB00E65899 /* AudioToolbox.framework */; };
		81BA817B1A49E0E500E65899 /* SystemConfiguration.framework in Frameworks */ = {isa = PBXBuildFile; fileRef = 81BA817A1A49E0E500E65899 /* SystemConfiguration.framework */; };
		81BA817F1A49E0F000E65899 /* libstdc++.6.dylib in Frameworks */ = {isa = PBXBuildFile; fileRef = 81BA817E1A49E0F000E65899 /* libstdc++.6.dylib */; };
		9519A6BCABED44F1D7D798F5 /* Pods_Wumi.framework in Frameworks */ = {isa = PBXBuildFile; fileRef = 54C897A1341D196EA1C0BC21 /* Pods_Wumi.framework */; };
		B15824031C82C40F00D314B3 /* ContactTableViewController.swift in Sources */ = {isa = PBXBuildFile; fileRef = B15824021C82C40F00D314B3 /* ContactTableViewController.swift */; };
		B1997AF61CACDADC0086F8F4 /* CityListTableViewController.swift in Sources */ = {isa = PBXBuildFile; fileRef = B1997AF51CACDADC0086F8F4 /* CityListTableViewController.swift */; };
		B1C922A31CACF68400335A60 /* cities.plist in Resources */ = {isa = PBXBuildFile; fileRef = B1C922A21CACF68400335A60 /* cities.plist */; };
		DF159E191C80231C00DB65FF /* Images.xcassets in Resources */ = {isa = PBXBuildFile; fileRef = DF159E181C80231C00DB65FF /* Images.xcassets */; };
		DF173EEC1C86A55F00018B4A /* Constants.swift in Sources */ = {isa = PBXBuildFile; fileRef = DF173EEB1C86A55F00018B4A /* Constants.swift */; };
		DF173EF21C86A58600018B4A /* Extensions.swift in Sources */ = {isa = PBXBuildFile; fileRef = DF173EEF1C86A58600018B4A /* Extensions.swift */; };
		DF173EF31C86A58600018B4A /* Helper.swift in Sources */ = {isa = PBXBuildFile; fileRef = DF173EF01C86A58600018B4A /* Helper.swift */; };
		DF1BE2631C9F2EA300F934EE /* MessageTableViewCell.swift in Sources */ = {isa = PBXBuildFile; fileRef = DF1BE2611C9F2EA300F934EE /* MessageTableViewCell.swift */; };
		DF1BE2641C9F2EA300F934EE /* MessageTableViewCell.xib in Resources */ = {isa = PBXBuildFile; fileRef = DF1BE2621C9F2EA300F934EE /* MessageTableViewCell.xib */; };
		DF1BE2671C9F978E00F934EE /* PostTableViewController.swift in Sources */ = {isa = PBXBuildFile; fileRef = DF1BE2661C9F978E00F934EE /* PostTableViewController.swift */; };
		DF1BE2691C9F9C7500F934EE /* Post.swift in Sources */ = {isa = PBXBuildFile; fileRef = DF1BE2681C9F9C7500F934EE /* Post.swift */; };
		DF21176A1C927FDD009109EE /* ProfileCollectionCell.swift in Sources */ = {isa = PBXBuildFile; fileRef = DF2117691C927FDD009109EE /* ProfileCollectionCell.swift */; };
		DF2692001CAB8F420081D363 /* PostCategoryTableViewController.swift in Sources */ = {isa = PBXBuildFile; fileRef = DF2691FF1CAB8F420081D363 /* PostCategoryTableViewController.swift */; };
		DF3629571C9B305100D87574 /* ContactTableViewCell.xib in Resources */ = {isa = PBXBuildFile; fileRef = DF3629561C9B305100D87574 /* ContactTableViewCell.xib */; };
		DF5E3D411BE9463F00F44FFF /* SigninViewController.swift in Sources */ = {isa = PBXBuildFile; fileRef = DF5E3D3E1BE9463F00F44FFF /* SigninViewController.swift */; };
		DF5E3D451BE9465000F44FFF /* User.swift in Sources */ = {isa = PBXBuildFile; fileRef = DF5E3D441BE9465000F44FFF /* User.swift */; };
		DF72ACF31C64DBFA00F81491 /* AvatarImageView.swift in Sources */ = {isa = PBXBuildFile; fileRef = DF72ACF21C64DBFA00F81491 /* AvatarImageView.swift */; };
		DF72ACF51C65F79B00F81491 /* LocationListTableViewController.swift in Sources */ = {isa = PBXBuildFile; fileRef = DF72ACF41C65F79B00F81491 /* LocationListTableViewController.swift */; };
		DF7E3B4B1C92324D000E8741 /* Profession.swift in Sources */ = {isa = PBXBuildFile; fileRef = DF7E3B4A1C92324D000E8741 /* Profession.swift */; };
		DF7E3B4D1C923C0A000E8741 /* ProfessionListViewController.swift in Sources */ = {isa = PBXBuildFile; fileRef = DF7E3B4C1C923C0A000E8741 /* ProfessionListViewController.swift */; };
		DF8D518F1C971419004D808E /* ProfessionSectionHeader.xib in Resources */ = {isa = PBXBuildFile; fileRef = DF8D518E1C971419004D808E /* ProfessionSectionHeader.xib */; };
		DF8D51911C9716F5004D808E /* ProfessionSectionHeader.swift in Sources */ = {isa = PBXBuildFile; fileRef = DF8D51901C9716F5004D808E /* ProfessionSectionHeader.swift */; };
		DF9840111C96874F00620F3B /* ProfileCollectionCell.xib in Resources */ = {isa = PBXBuildFile; fileRef = DF9840101C96874F00620F3B /* ProfileCollectionCell.xib */; };
		DF9F05FD1C5B5F96008CA6DC /* AVOSCloud.framework in Frameworks */ = {isa = PBXBuildFile; fileRef = DF9F05FC1C5B5F96008CA6DC /* AVOSCloud.framework */; };
		DF9F05FF1C5B5FC9008CA6DC /* MobileCoreServices.framework in Frameworks */ = {isa = PBXBuildFile; fileRef = DF9F05FE1C5B5FC9008CA6DC /* MobileCoreServices.framework */; };
		DF9F06011C5B5FD3008CA6DC /* CoreTelephony.framework in Frameworks */ = {isa = PBXBuildFile; fileRef = DF9F06001C5B5FD3008CA6DC /* CoreTelephony.framework */; };
		DF9F06041C5B6004008CA6DC /* libicucore.tbd in Frameworks */ = {isa = PBXBuildFile; fileRef = DF9F06021C5B5FF0008CA6DC /* libicucore.tbd */; };
		DF9F06061C5B6346008CA6DC /* libz.tbd in Frameworks */ = {isa = PBXBuildFile; fileRef = DF9F06051C5B6346008CA6DC /* libz.tbd */; };
		DF9F060E1C7B7280008CA6DC /* Location.swift in Sources */ = {isa = PBXBuildFile; fileRef = DF9F060D1C7B7280008CA6DC /* Location.swift */; };
		DF9F06101C7BC72D008CA6DC /* ContactTableViewCell.swift in Sources */ = {isa = PBXBuildFile; fileRef = DF9F060F1C7BC72D008CA6DC /* ContactTableViewCell.swift */; };
		DFA077451C92A79A00E3382E /* SettingSwitch.swift in Sources */ = {isa = PBXBuildFile; fileRef = DFA077441C92A79A00E3382E /* SettingSwitch.swift */; };
		DFA74C1F1BF81B1500609E83 /* WMUserTableViewController.swift in Sources */ = {isa = PBXBuildFile; fileRef = DFA74C1E1BF81B1500609E83 /* WMUserTableViewController.swift */; };
		DFA74C211BF8215900609E83 /* MainTabBarController.swift in Sources */ = {isa = PBXBuildFile; fileRef = DFA74C201BF8215900609E83 /* MainTabBarController.swift */; };
		DFA8B0991BEB30F300D5B5DD /* HyperLinkTextView.swift in Sources */ = {isa = PBXBuildFile; fileRef = DFA8B0981BEB30F300D5B5DD /* HyperLinkTextView.swift */; };
		DFA93AB61C882FE700ECA503 /* TextLinkButton.swift in Sources */ = {isa = PBXBuildFile; fileRef = DFA93AB51C882FE700ECA503 /* TextLinkButton.swift */; };
		DFA93ABA1C88FCDB00ECA503 /* ColorGradientView.swift in Sources */ = {isa = PBXBuildFile; fileRef = DFA93AB91C88FCDB00ECA503 /* ColorGradientView.swift */; };
		DFA93ABC1C8F8ECB00ECA503 /* LaunchScreen.storyboard in Resources */ = {isa = PBXBuildFile; fileRef = DFA93ABB1C8F8ECB00ECA503 /* LaunchScreen.storyboard */; };
		DFA93AC31C90DE3600ECA503 /* ProfileInputCell.swift in Sources */ = {isa = PBXBuildFile; fileRef = DFA93AC21C90DE3600ECA503 /* ProfileInputCell.swift */; };
		DFA93AC51C90E04000ECA503 /* EditProfileViewController.swift in Sources */ = {isa = PBXBuildFile; fileRef = DFA93AC41C90E04000ECA503 /* EditProfileViewController.swift */; };
		DFA93ACB1C91016A00ECA503 /* ProfileListCell.swift in Sources */ = {isa = PBXBuildFile; fileRef = DFA93ACA1C91016A00ECA503 /* ProfileListCell.swift */; };
		DFA93ACD1C910C4C00ECA503 /* ProfileListCell.xib in Resources */ = {isa = PBXBuildFile; fileRef = DFA93ACC1C910C4C00ECA503 /* ProfileListCell.xib */; };
		DFA93ACF1C910DD700ECA503 /* ProfileCell.swift in Sources */ = {isa = PBXBuildFile; fileRef = DFA93ACE1C910DD700ECA503 /* ProfileCell.swift */; };
		DFA93AD11C91127800ECA503 /* ProfileCollectionLabel.swift in Sources */ = {isa = PBXBuildFile; fileRef = DFA93AD01C91127800ECA503 /* ProfileCollectionLabel.swift */; };
		DFA93AD31C91299500ECA503 /* ProfileInputCell.xib in Resources */ = {isa = PBXBuildFile; fileRef = DFA93AD21C91299500ECA503 /* ProfileInputCell.xib */; };
		DFA93AD51C912A4D00ECA503 /* ProfileInputSwitchCell.xib in Resources */ = {isa = PBXBuildFile; fileRef = DFA93AD41C912A4D00ECA503 /* ProfileInputSwitchCell.xib */; };
		DFA93AD71C912AFB00ECA503 /* ProfileInputSwitchCell.swift in Sources */ = {isa = PBXBuildFile; fileRef = DFA93AD61C912AFB00ECA503 /* ProfileInputSwitchCell.swift */; };
		DFA93AD91C91DFFA00ECA503 /* ContactLabelCell.xib in Resources */ = {isa = PBXBuildFile; fileRef = DFA93AD81C91DFFA00ECA503 /* ContactLabelCell.xib */; };
		DFA93ADB1C91E0B900ECA503 /* ContactLabelCell.swift in Sources */ = {isa = PBXBuildFile; fileRef = DFA93ADA1C91E0B900ECA503 /* ContactLabelCell.swift */; };
		DFA93ADD1C91EE0600ECA503 /* FavoriteButton.swift in Sources */ = {isa = PBXBuildFile; fileRef = DFA93ADC1C91EE0600ECA503 /* FavoriteButton.swift */; };
		DFACE2501C578F6D00C6D737 /* SelectPhotoActionSheet.swift in Sources */ = {isa = PBXBuildFile; fileRef = DFACE24F1C578F6D00C6D737 /* SelectPhotoActionSheet.swift */; };
		DFAE491C1C878F5400DDEE90 /* ContactViewController.swift in Sources */ = {isa = PBXBuildFile; fileRef = DFAE491B1C878F5400DDEE90 /* ContactViewController.swift */; };
		DFB0DC731C99CB87006BCD07 /* ProfileRow.swift in Sources */ = {isa = PBXBuildFile; fileRef = DFB0DC721C99CB87006BCD07 /* ProfileRow.swift */; };
		DFB2507A1CAB9C9800413D52 /* PostCategory.swift in Sources */ = {isa = PBXBuildFile; fileRef = DFB250791CAB9C9800413D52 /* PostCategory.swift */; };
		DFB612951CA2637600B3271B /* UserBannerView.swift in Sources */ = {isa = PBXBuildFile; fileRef = DFB612941CA2637600B3271B /* UserBannerView.swift */; };
		DFB6129F1CA5078E00B3271B /* NewPostViewController.swift in Sources */ = {isa = PBXBuildFile; fileRef = DFB6129E1CA5078E00B3271B /* NewPostViewController.swift */; };
		DFB612A11CA6158F00B3271B /* PostTextView.swift in Sources */ = {isa = PBXBuildFile; fileRef = DFB612A01CA6158F00B3271B /* PostTextView.swift */; };
		DFB612A31CA61B7800B3271B /* PostViewController.swift in Sources */ = {isa = PBXBuildFile; fileRef = DFB612A21CA61B7800B3271B /* PostViewController.swift */; };
		DFB612A61CA6284000B3271B /* CommentTableViewCell.swift in Sources */ = {isa = PBXBuildFile; fileRef = DFB612A41CA6284000B3271B /* CommentTableViewCell.swift */; };
		DFB612A71CA6284000B3271B /* CommentTableViewCell.xib in Resources */ = {isa = PBXBuildFile; fileRef = DFB612A51CA6284000B3271B /* CommentTableViewCell.xib */; };
		DFB612A91CA62CAD00B3271B /* Comment.swift in Sources */ = {isa = PBXBuildFile; fileRef = DFB612A81CA62CAD00B3271B /* Comment.swift */; };
		DFB7CC071BEA893C00BEACB7 /* GraduationYearPickerView.swift in Sources */ = {isa = PBXBuildFile; fileRef = DFB7CC061BEA893C00BEACB7 /* GraduationYearPickerView.swift */; };
		DFB7CC0E1BEAB44E00BEACB7 /* DataInputTextField.swift in Sources */ = {isa = PBXBuildFile; fileRef = DFB7CC0D1BEAB44E00BEACB7 /* DataInputTextField.swift */; };
		DFB861461BEDBA7E0075014A /* ScrollTextFieldViewController.swift in Sources */ = {isa = PBXBuildFile; fileRef = DFB861451BEDBA7E0075014A /* ScrollTextFieldViewController.swift */; };
		DFB861481BEDBDF60075014A /* SystemButton.swift in Sources */ = {isa = PBXBuildFile; fileRef = DFB861471BEDBDF60075014A /* SystemButton.swift */; };
		DFBD2D3C1BEC623E00D6FEBC /* InvitationCodeViewController.swift in Sources */ = {isa = PBXBuildFile; fileRef = DFBD2D3B1BEC623E00D6FEBC /* InvitationCodeViewController.swift */; };
		DFBD2D3E1BEC626800D6FEBC /* SignUpAccountViewController.swift in Sources */ = {isa = PBXBuildFile; fileRef = DFBD2D3D1BEC626800D6FEBC /* SignUpAccountViewController.swift */; };
		DFBD2D411BEC671200D6FEBC /* InvitationCode.swift in Sources */ = {isa = PBXBuildFile; fileRef = DFBD2D401BEC671200D6FEBC /* InvitationCode.swift */; };
		DFBD2D431BEC7DF400D6FEBC /* AddProfileViewController.swift in Sources */ = {isa = PBXBuildFile; fileRef = DFBD2D421BEC7DF400D6FEBC /* AddProfileViewController.swift */; };
		DFBD2D451BEEF8F800D6FEBC /* Setting.swift in Sources */ = {isa = PBXBuildFile; fileRef = DFBD2D441BEEF8F800D6FEBC /* Setting.swift */; };
		DFD4A60E1BE6CF2D00C8B09E /* CFNetwork.framework in Frameworks */ = {isa = PBXBuildFile; fileRef = DFD4A60D1BE6CF2D00C8B09E /* CFNetwork.framework */; };
		DFD4A6101BE6CF3C00C8B09E /* CoreGraphics.framework in Frameworks */ = {isa = PBXBuildFile; fileRef = DFD4A60F1BE6CF3C00C8B09E /* CoreGraphics.framework */; };
		DFD4A6121BE6CF4200C8B09E /* CoreLocation.framework in Frameworks */ = {isa = PBXBuildFile; fileRef = DFD4A6111BE6CF4200C8B09E /* CoreLocation.framework */; };
		DFD4A6141BE6D08B00C8B09E /* QuartzCore.framework in Frameworks */ = {isa = PBXBuildFile; fileRef = DFD4A6131BE6D08B00C8B09E /* QuartzCore.framework */; };
		DFD4A6161BE6D09A00C8B09E /* Security.framework in Frameworks */ = {isa = PBXBuildFile; fileRef = DFD4A6151BE6D09A00C8B09E /* Security.framework */; };
		DFD4A6181BE6D0A000C8B09E /* StoreKit.framework in Frameworks */ = {isa = PBXBuildFile; fileRef = DFD4A6171BE6D0A000C8B09E /* StoreKit.framework */; };
		DFD90A151CAB87A1003A3B46 /* ComposePostView.swift in Sources */ = {isa = PBXBuildFile; fileRef = DFD90A141CAB87A1003A3B46 /* ComposePostView.swift */; };
/* End PBXBuildFile section */

/* Begin PBXFileReference section */
		0D932665988FC790685577AA /* Pods-Wumi.debug.xcconfig */ = {isa = PBXFileReference; includeInIndex = 1; lastKnownFileType = text.xcconfig; name = "Pods-Wumi.debug.xcconfig"; path = "Pods/Target Support Files/Pods-Wumi/Pods-Wumi.debug.xcconfig"; sourceTree = "<group>"; };
		54C897A1341D196EA1C0BC21 /* Pods_Wumi.framework */ = {isa = PBXFileReference; explicitFileType = wrapper.framework; includeInIndex = 0; path = Pods_Wumi.framework; sourceTree = BUILT_PRODUCTS_DIR; };
		814C3AC71B69877600E307BB /* Base */ = {isa = PBXFileReference; lastKnownFileType = file.storyboard; name = Base; path = Base.lproj/Main.storyboard; sourceTree = "<group>"; };
		814C3AC91B69877600E307BB /* Info.plist */ = {isa = PBXFileReference; fileEncoding = 4; lastKnownFileType = text.plist.xml; path = Info.plist; sourceTree = "<group>"; };
		81BA81451A49DA1800E65899 /* Wumi.app */ = {isa = PBXFileReference; explicitFileType = wrapper.application; includeInIndex = 0; path = Wumi.app; sourceTree = BUILT_PRODUCTS_DIR; };
		81BA814A1A49DA1800E65899 /* AppDelegate.swift */ = {isa = PBXFileReference; lastKnownFileType = sourcecode.swift; path = AppDelegate.swift; sourceTree = "<group>"; };
		81BA81761A49E0D500E65899 /* libsqlite3.dylib */ = {isa = PBXFileReference; lastKnownFileType = "compiled.mach-o.dylib"; name = libsqlite3.dylib; path = usr/lib/libsqlite3.dylib; sourceTree = SDKROOT; };
		81BA81781A49E0DB00E65899 /* AudioToolbox.framework */ = {isa = PBXFileReference; lastKnownFileType = wrapper.framework; name = AudioToolbox.framework; path = System/Library/Frameworks/AudioToolbox.framework; sourceTree = SDKROOT; };
		81BA817A1A49E0E500E65899 /* SystemConfiguration.framework */ = {isa = PBXFileReference; lastKnownFileType = wrapper.framework; name = SystemConfiguration.framework; path = System/Library/Frameworks/SystemConfiguration.framework; sourceTree = SDKROOT; };
		81BA817E1A49E0F000E65899 /* libstdc++.6.dylib */ = {isa = PBXFileReference; lastKnownFileType = "compiled.mach-o.dylib"; name = "libstdc++.6.dylib"; path = "usr/lib/libstdc++.6.dylib"; sourceTree = SDKROOT; };
		B15824021C82C40F00D314B3 /* ContactTableViewController.swift */ = {isa = PBXFileReference; fileEncoding = 4; lastKnownFileType = sourcecode.swift; name = ContactTableViewController.swift; path = Controller/ContactTableViewController.swift; sourceTree = "<group>"; };
		B1997AF51CACDADC0086F8F4 /* CityListTableViewController.swift */ = {isa = PBXFileReference; fileEncoding = 4; lastKnownFileType = sourcecode.swift; name = CityListTableViewController.swift; path = Controller/CityListTableViewController.swift; sourceTree = "<group>"; };
		B1C922A21CACF68400335A60 /* cities.plist */ = {isa = PBXFileReference; fileEncoding = 4; lastKnownFileType = text.plist.xml; path = cities.plist; sourceTree = "<group>"; };
		DF159E181C80231C00DB65FF /* Images.xcassets */ = {isa = PBXFileReference; lastKnownFileType = folder.assetcatalog; path = Images.xcassets; sourceTree = "<group>"; };
		DF173EEB1C86A55F00018B4A /* Constants.swift */ = {isa = PBXFileReference; fileEncoding = 4; lastKnownFileType = sourcecode.swift; name = Constants.swift; path = "Supporting Files/Constants.swift"; sourceTree = "<group>"; };
		DF173EEF1C86A58600018B4A /* Extensions.swift */ = {isa = PBXFileReference; fileEncoding = 4; lastKnownFileType = sourcecode.swift; name = Extensions.swift; path = "Supporting Files/Extensions.swift"; sourceTree = "<group>"; };
		DF173EF01C86A58600018B4A /* Helper.swift */ = {isa = PBXFileReference; fileEncoding = 4; lastKnownFileType = sourcecode.swift; name = Helper.swift; path = "Supporting Files/Helper.swift"; sourceTree = "<group>"; };
		DF173EF51C86A73D00018B4A /* Wumi-Bridging-Header.h */ = {isa = PBXFileReference; fileEncoding = 4; lastKnownFileType = sourcecode.c.h; path = "Wumi-Bridging-Header.h"; sourceTree = "<group>"; };
		DF1BE2611C9F2EA300F934EE /* MessageTableViewCell.swift */ = {isa = PBXFileReference; fileEncoding = 4; lastKnownFileType = sourcecode.swift; name = MessageTableViewCell.swift; path = View/MessageTableViewCell.swift; sourceTree = "<group>"; };
		DF1BE2621C9F2EA300F934EE /* MessageTableViewCell.xib */ = {isa = PBXFileReference; fileEncoding = 4; lastKnownFileType = file.xib; name = MessageTableViewCell.xib; path = View/MessageTableViewCell.xib; sourceTree = "<group>"; };
		DF1BE2661C9F978E00F934EE /* PostTableViewController.swift */ = {isa = PBXFileReference; fileEncoding = 4; lastKnownFileType = sourcecode.swift; name = PostTableViewController.swift; path = Controller/PostTableViewController.swift; sourceTree = "<group>"; };
		DF1BE2681C9F9C7500F934EE /* Post.swift */ = {isa = PBXFileReference; fileEncoding = 4; lastKnownFileType = sourcecode.swift; name = Post.swift; path = Model/Post.swift; sourceTree = "<group>"; };
		DF2117691C927FDD009109EE /* ProfileCollectionCell.swift */ = {isa = PBXFileReference; fileEncoding = 4; lastKnownFileType = sourcecode.swift; name = ProfileCollectionCell.swift; path = View/ProfileCollectionCell.swift; sourceTree = "<group>"; };
		DF2691FF1CAB8F420081D363 /* PostCategoryTableViewController.swift */ = {isa = PBXFileReference; fileEncoding = 4; lastKnownFileType = sourcecode.swift; name = PostCategoryTableViewController.swift; path = Controller/PostCategoryTableViewController.swift; sourceTree = "<group>"; };
		DF3629561C9B305100D87574 /* ContactTableViewCell.xib */ = {isa = PBXFileReference; fileEncoding = 4; lastKnownFileType = file.xib; name = ContactTableViewCell.xib; path = View/ContactTableViewCell.xib; sourceTree = "<group>"; };
		DF5E3D3E1BE9463F00F44FFF /* SigninViewController.swift */ = {isa = PBXFileReference; fileEncoding = 4; lastKnownFileType = sourcecode.swift; name = SigninViewController.swift; path = Controller/SigninViewController.swift; sourceTree = "<group>"; };
		DF5E3D441BE9465000F44FFF /* User.swift */ = {isa = PBXFileReference; fileEncoding = 4; lastKnownFileType = sourcecode.swift; name = User.swift; path = Model/User.swift; sourceTree = "<group>"; };
		DF72ACF21C64DBFA00F81491 /* AvatarImageView.swift */ = {isa = PBXFileReference; fileEncoding = 4; lastKnownFileType = sourcecode.swift; name = AvatarImageView.swift; path = View/AvatarImageView.swift; sourceTree = "<group>"; };
		DF72ACF41C65F79B00F81491 /* LocationListTableViewController.swift */ = {isa = PBXFileReference; fileEncoding = 4; lastKnownFileType = sourcecode.swift; name = LocationListTableViewController.swift; path = Controller/LocationListTableViewController.swift; sourceTree = "<group>"; };
		DF7E3B4A1C92324D000E8741 /* Profession.swift */ = {isa = PBXFileReference; fileEncoding = 4; lastKnownFileType = sourcecode.swift; name = Profession.swift; path = Model/Profession.swift; sourceTree = "<group>"; };
		DF7E3B4C1C923C0A000E8741 /* ProfessionListViewController.swift */ = {isa = PBXFileReference; fileEncoding = 4; lastKnownFileType = sourcecode.swift; name = ProfessionListViewController.swift; path = Controller/ProfessionListViewController.swift; sourceTree = "<group>"; };
		DF8D518E1C971419004D808E /* ProfessionSectionHeader.xib */ = {isa = PBXFileReference; fileEncoding = 4; lastKnownFileType = file.xib; name = ProfessionSectionHeader.xib; path = View/ProfessionSectionHeader.xib; sourceTree = "<group>"; };
		DF8D51901C9716F5004D808E /* ProfessionSectionHeader.swift */ = {isa = PBXFileReference; fileEncoding = 4; lastKnownFileType = sourcecode.swift; name = ProfessionSectionHeader.swift; path = View/ProfessionSectionHeader.swift; sourceTree = "<group>"; };
		DF9840101C96874F00620F3B /* ProfileCollectionCell.xib */ = {isa = PBXFileReference; fileEncoding = 4; lastKnownFileType = file.xib; name = ProfileCollectionCell.xib; path = View/ProfileCollectionCell.xib; sourceTree = "<group>"; };
		DF9F05FC1C5B5F96008CA6DC /* AVOSCloud.framework */ = {isa = PBXFileReference; lastKnownFileType = wrapper.framework; path = AVOSCloud.framework; sourceTree = "<group>"; };
		DF9F05FE1C5B5FC9008CA6DC /* MobileCoreServices.framework */ = {isa = PBXFileReference; lastKnownFileType = wrapper.framework; name = MobileCoreServices.framework; path = System/Library/Frameworks/MobileCoreServices.framework; sourceTree = SDKROOT; };
		DF9F06001C5B5FD3008CA6DC /* CoreTelephony.framework */ = {isa = PBXFileReference; lastKnownFileType = wrapper.framework; name = CoreTelephony.framework; path = System/Library/Frameworks/CoreTelephony.framework; sourceTree = SDKROOT; };
		DF9F06021C5B5FF0008CA6DC /* libicucore.tbd */ = {isa = PBXFileReference; lastKnownFileType = "sourcecode.text-based-dylib-definition"; name = libicucore.tbd; path = usr/lib/libicucore.tbd; sourceTree = SDKROOT; };
		DF9F06051C5B6346008CA6DC /* libz.tbd */ = {isa = PBXFileReference; lastKnownFileType = "sourcecode.text-based-dylib-definition"; name = libz.tbd; path = usr/lib/libz.tbd; sourceTree = SDKROOT; };
		DF9F060D1C7B7280008CA6DC /* Location.swift */ = {isa = PBXFileReference; fileEncoding = 4; lastKnownFileType = sourcecode.swift; name = Location.swift; path = Model/Location.swift; sourceTree = "<group>"; };
		DF9F060F1C7BC72D008CA6DC /* ContactTableViewCell.swift */ = {isa = PBXFileReference; fileEncoding = 4; lastKnownFileType = sourcecode.swift; name = ContactTableViewCell.swift; path = View/ContactTableViewCell.swift; sourceTree = "<group>"; };
		DFA077441C92A79A00E3382E /* SettingSwitch.swift */ = {isa = PBXFileReference; fileEncoding = 4; lastKnownFileType = sourcecode.swift; name = SettingSwitch.swift; path = View/SettingSwitch.swift; sourceTree = "<group>"; };
		DFA74C1E1BF81B1500609E83 /* WMUserTableViewController.swift */ = {isa = PBXFileReference; fileEncoding = 4; lastKnownFileType = sourcecode.swift; name = WMUserTableViewController.swift; path = Controller/WMUserTableViewController.swift; sourceTree = "<group>"; };
		DFA74C201BF8215900609E83 /* MainTabBarController.swift */ = {isa = PBXFileReference; fileEncoding = 4; lastKnownFileType = sourcecode.swift; name = MainTabBarController.swift; path = Controller/MainTabBarController.swift; sourceTree = "<group>"; };
		DFA8B0981BEB30F300D5B5DD /* HyperLinkTextView.swift */ = {isa = PBXFileReference; fileEncoding = 4; lastKnownFileType = sourcecode.swift; name = HyperLinkTextView.swift; path = View/HyperLinkTextView.swift; sourceTree = "<group>"; };
		DFA93AB51C882FE700ECA503 /* TextLinkButton.swift */ = {isa = PBXFileReference; fileEncoding = 4; lastKnownFileType = sourcecode.swift; name = TextLinkButton.swift; path = View/TextLinkButton.swift; sourceTree = "<group>"; };
		DFA93AB91C88FCDB00ECA503 /* ColorGradientView.swift */ = {isa = PBXFileReference; fileEncoding = 4; lastKnownFileType = sourcecode.swift; name = ColorGradientView.swift; path = View/ColorGradientView.swift; sourceTree = "<group>"; };
		DFA93ABB1C8F8ECB00ECA503 /* LaunchScreen.storyboard */ = {isa = PBXFileReference; fileEncoding = 4; lastKnownFileType = file.storyboard; path = LaunchScreen.storyboard; sourceTree = "<group>"; };
		DFA93AC21C90DE3600ECA503 /* ProfileInputCell.swift */ = {isa = PBXFileReference; fileEncoding = 4; lastKnownFileType = sourcecode.swift; name = ProfileInputCell.swift; path = View/ProfileInputCell.swift; sourceTree = "<group>"; };
		DFA93AC41C90E04000ECA503 /* EditProfileViewController.swift */ = {isa = PBXFileReference; fileEncoding = 4; lastKnownFileType = sourcecode.swift; name = EditProfileViewController.swift; path = Controller/EditProfileViewController.swift; sourceTree = "<group>"; };
		DFA93ACA1C91016A00ECA503 /* ProfileListCell.swift */ = {isa = PBXFileReference; fileEncoding = 4; lastKnownFileType = sourcecode.swift; name = ProfileListCell.swift; path = View/ProfileListCell.swift; sourceTree = "<group>"; };
		DFA93ACC1C910C4C00ECA503 /* ProfileListCell.xib */ = {isa = PBXFileReference; fileEncoding = 4; lastKnownFileType = file.xib; name = ProfileListCell.xib; path = View/ProfileListCell.xib; sourceTree = "<group>"; };
		DFA93ACE1C910DD700ECA503 /* ProfileCell.swift */ = {isa = PBXFileReference; fileEncoding = 4; lastKnownFileType = sourcecode.swift; name = ProfileCell.swift; path = View/ProfileCell.swift; sourceTree = "<group>"; };
		DFA93AD01C91127800ECA503 /* ProfileCollectionLabel.swift */ = {isa = PBXFileReference; fileEncoding = 4; lastKnownFileType = sourcecode.swift; name = ProfileCollectionLabel.swift; path = View/ProfileCollectionLabel.swift; sourceTree = "<group>"; };
		DFA93AD21C91299500ECA503 /* ProfileInputCell.xib */ = {isa = PBXFileReference; fileEncoding = 4; lastKnownFileType = file.xib; name = ProfileInputCell.xib; path = View/ProfileInputCell.xib; sourceTree = "<group>"; };
		DFA93AD41C912A4D00ECA503 /* ProfileInputSwitchCell.xib */ = {isa = PBXFileReference; fileEncoding = 4; lastKnownFileType = file.xib; name = ProfileInputSwitchCell.xib; path = View/ProfileInputSwitchCell.xib; sourceTree = "<group>"; };
		DFA93AD61C912AFB00ECA503 /* ProfileInputSwitchCell.swift */ = {isa = PBXFileReference; fileEncoding = 4; lastKnownFileType = sourcecode.swift; name = ProfileInputSwitchCell.swift; path = View/ProfileInputSwitchCell.swift; sourceTree = "<group>"; };
		DFA93AD81C91DFFA00ECA503 /* ContactLabelCell.xib */ = {isa = PBXFileReference; fileEncoding = 4; lastKnownFileType = file.xib; name = ContactLabelCell.xib; path = View/ContactLabelCell.xib; sourceTree = "<group>"; };
		DFA93ADA1C91E0B900ECA503 /* ContactLabelCell.swift */ = {isa = PBXFileReference; fileEncoding = 4; lastKnownFileType = sourcecode.swift; name = ContactLabelCell.swift; path = View/ContactLabelCell.swift; sourceTree = "<group>"; };
		DFA93ADC1C91EE0600ECA503 /* FavoriteButton.swift */ = {isa = PBXFileReference; fileEncoding = 4; lastKnownFileType = sourcecode.swift; name = FavoriteButton.swift; path = View/FavoriteButton.swift; sourceTree = "<group>"; };
		DFACE24F1C578F6D00C6D737 /* SelectPhotoActionSheet.swift */ = {isa = PBXFileReference; fileEncoding = 4; lastKnownFileType = sourcecode.swift; name = SelectPhotoActionSheet.swift; path = Controller/SelectPhotoActionSheet.swift; sourceTree = "<group>"; };
		DFAE491B1C878F5400DDEE90 /* ContactViewController.swift */ = {isa = PBXFileReference; fileEncoding = 4; lastKnownFileType = sourcecode.swift; name = ContactViewController.swift; path = Controller/ContactViewController.swift; sourceTree = "<group>"; };
		DFB0DC721C99CB87006BCD07 /* ProfileRow.swift */ = {isa = PBXFileReference; fileEncoding = 4; lastKnownFileType = sourcecode.swift; name = ProfileRow.swift; path = Model/ProfileRow.swift; sourceTree = "<group>"; };
		DFB250791CAB9C9800413D52 /* PostCategory.swift */ = {isa = PBXFileReference; fileEncoding = 4; lastKnownFileType = sourcecode.swift; name = PostCategory.swift; path = Model/PostCategory.swift; sourceTree = "<group>"; };
		DFB612941CA2637600B3271B /* UserBannerView.swift */ = {isa = PBXFileReference; fileEncoding = 4; lastKnownFileType = sourcecode.swift; name = UserBannerView.swift; path = View/UserBannerView.swift; sourceTree = "<group>"; };
		DFB6129E1CA5078E00B3271B /* NewPostViewController.swift */ = {isa = PBXFileReference; fileEncoding = 4; lastKnownFileType = sourcecode.swift; name = NewPostViewController.swift; path = Controller/NewPostViewController.swift; sourceTree = "<group>"; };
		DFB612A01CA6158F00B3271B /* PostTextView.swift */ = {isa = PBXFileReference; fileEncoding = 4; lastKnownFileType = sourcecode.swift; name = PostTextView.swift; path = View/PostTextView.swift; sourceTree = "<group>"; };
		DFB612A21CA61B7800B3271B /* PostViewController.swift */ = {isa = PBXFileReference; fileEncoding = 4; lastKnownFileType = sourcecode.swift; name = PostViewController.swift; path = Controller/PostViewController.swift; sourceTree = "<group>"; };
		DFB612A41CA6284000B3271B /* CommentTableViewCell.swift */ = {isa = PBXFileReference; fileEncoding = 4; lastKnownFileType = sourcecode.swift; name = CommentTableViewCell.swift; path = View/CommentTableViewCell.swift; sourceTree = "<group>"; };
		DFB612A51CA6284000B3271B /* CommentTableViewCell.xib */ = {isa = PBXFileReference; fileEncoding = 4; lastKnownFileType = file.xib; name = CommentTableViewCell.xib; path = View/CommentTableViewCell.xib; sourceTree = "<group>"; };
		DFB612A81CA62CAD00B3271B /* Comment.swift */ = {isa = PBXFileReference; fileEncoding = 4; lastKnownFileType = sourcecode.swift; name = Comment.swift; path = Model/Comment.swift; sourceTree = "<group>"; };
		DFB7CC061BEA893C00BEACB7 /* GraduationYearPickerView.swift */ = {isa = PBXFileReference; fileEncoding = 4; lastKnownFileType = sourcecode.swift; name = GraduationYearPickerView.swift; path = View/GraduationYearPickerView.swift; sourceTree = "<group>"; };
		DFB7CC0D1BEAB44E00BEACB7 /* DataInputTextField.swift */ = {isa = PBXFileReference; fileEncoding = 4; lastKnownFileType = sourcecode.swift; name = DataInputTextField.swift; path = View/DataInputTextField.swift; sourceTree = "<group>"; };
		DFB861451BEDBA7E0075014A /* ScrollTextFieldViewController.swift */ = {isa = PBXFileReference; fileEncoding = 4; lastKnownFileType = sourcecode.swift; name = ScrollTextFieldViewController.swift; path = Controller/ScrollTextFieldViewController.swift; sourceTree = "<group>"; };
		DFB861471BEDBDF60075014A /* SystemButton.swift */ = {isa = PBXFileReference; fileEncoding = 4; lastKnownFileType = sourcecode.swift; name = SystemButton.swift; path = View/SystemButton.swift; sourceTree = "<group>"; };
		DFBD2D3B1BEC623E00D6FEBC /* InvitationCodeViewController.swift */ = {isa = PBXFileReference; fileEncoding = 4; lastKnownFileType = sourcecode.swift; name = InvitationCodeViewController.swift; path = Controller/InvitationCodeViewController.swift; sourceTree = "<group>"; };
		DFBD2D3D1BEC626800D6FEBC /* SignUpAccountViewController.swift */ = {isa = PBXFileReference; fileEncoding = 4; lastKnownFileType = sourcecode.swift; name = SignUpAccountViewController.swift; path = Controller/SignUpAccountViewController.swift; sourceTree = "<group>"; };
		DFBD2D401BEC671200D6FEBC /* InvitationCode.swift */ = {isa = PBXFileReference; fileEncoding = 4; lastKnownFileType = sourcecode.swift; name = InvitationCode.swift; path = Model/InvitationCode.swift; sourceTree = "<group>"; };
		DFBD2D421BEC7DF400D6FEBC /* AddProfileViewController.swift */ = {isa = PBXFileReference; fileEncoding = 4; lastKnownFileType = sourcecode.swift; name = AddProfileViewController.swift; path = Controller/AddProfileViewController.swift; sourceTree = "<group>"; };
		DFBD2D441BEEF8F800D6FEBC /* Setting.swift */ = {isa = PBXFileReference; fileEncoding = 4; lastKnownFileType = sourcecode.swift; name = Setting.swift; path = Model/Setting.swift; sourceTree = "<group>"; };
		DFD4A60D1BE6CF2D00C8B09E /* CFNetwork.framework */ = {isa = PBXFileReference; lastKnownFileType = wrapper.framework; name = CFNetwork.framework; path = System/Library/Frameworks/CFNetwork.framework; sourceTree = SDKROOT; };
		DFD4A60F1BE6CF3C00C8B09E /* CoreGraphics.framework */ = {isa = PBXFileReference; lastKnownFileType = wrapper.framework; name = CoreGraphics.framework; path = System/Library/Frameworks/CoreGraphics.framework; sourceTree = SDKROOT; };
		DFD4A6111BE6CF4200C8B09E /* CoreLocation.framework */ = {isa = PBXFileReference; lastKnownFileType = wrapper.framework; name = CoreLocation.framework; path = System/Library/Frameworks/CoreLocation.framework; sourceTree = SDKROOT; };
		DFD4A6131BE6D08B00C8B09E /* QuartzCore.framework */ = {isa = PBXFileReference; lastKnownFileType = wrapper.framework; name = QuartzCore.framework; path = System/Library/Frameworks/QuartzCore.framework; sourceTree = SDKROOT; };
		DFD4A6151BE6D09A00C8B09E /* Security.framework */ = {isa = PBXFileReference; lastKnownFileType = wrapper.framework; name = Security.framework; path = System/Library/Frameworks/Security.framework; sourceTree = SDKROOT; };
		DFD4A6171BE6D0A000C8B09E /* StoreKit.framework */ = {isa = PBXFileReference; lastKnownFileType = wrapper.framework; name = StoreKit.framework; path = System/Library/Frameworks/StoreKit.framework; sourceTree = SDKROOT; };
		DFD90A141CAB87A1003A3B46 /* ComposePostView.swift */ = {isa = PBXFileReference; fileEncoding = 4; lastKnownFileType = sourcecode.swift; name = ComposePostView.swift; path = View/ComposePostView.swift; sourceTree = "<group>"; };
		EF924A8F3A88FA9716BF6670 /* Pods-Wumi.release.xcconfig */ = {isa = PBXFileReference; includeInIndex = 1; lastKnownFileType = text.xcconfig; name = "Pods-Wumi.release.xcconfig"; path = "Pods/Target Support Files/Pods-Wumi/Pods-Wumi.release.xcconfig"; sourceTree = "<group>"; };
/* End PBXFileReference section */

/* Begin PBXFrameworksBuildPhase section */
		81BA81421A49DA1800E65899 /* Frameworks */ = {
			isa = PBXFrameworksBuildPhase;
			buildActionMask = 2147483647;
			files = (
				DF9F06061C5B6346008CA6DC /* libz.tbd in Frameworks */,
				DF9F06041C5B6004008CA6DC /* libicucore.tbd in Frameworks */,
				DFD4A6121BE6CF4200C8B09E /* CoreLocation.framework in Frameworks */,
				DF9F06011C5B5FD3008CA6DC /* CoreTelephony.framework in Frameworks */,
				DF9F05FF1C5B5FC9008CA6DC /* MobileCoreServices.framework in Frameworks */,
				DFD4A6181BE6D0A000C8B09E /* StoreKit.framework in Frameworks */,
				DFD4A6161BE6D09A00C8B09E /* Security.framework in Frameworks */,
				DFD4A6141BE6D08B00C8B09E /* QuartzCore.framework in Frameworks */,
				DFD4A6101BE6CF3C00C8B09E /* CoreGraphics.framework in Frameworks */,
				DF9F05FD1C5B5F96008CA6DC /* AVOSCloud.framework in Frameworks */,
				DFD4A60E1BE6CF2D00C8B09E /* CFNetwork.framework in Frameworks */,
				81BA817F1A49E0F000E65899 /* libstdc++.6.dylib in Frameworks */,
				81BA817B1A49E0E500E65899 /* SystemConfiguration.framework in Frameworks */,
				81BA81791A49E0DB00E65899 /* AudioToolbox.framework in Frameworks */,
				81BA81771A49E0D500E65899 /* libsqlite3.dylib in Frameworks */,
				9519A6BCABED44F1D7D798F5 /* Pods_Wumi.framework in Frameworks */,
			);
			runOnlyForDeploymentPostprocessing = 0;
		};
/* End PBXFrameworksBuildPhase section */

/* Begin PBXGroup section */
		814C3AC51B69877600E307BB /* Resources */ = {
			isa = PBXGroup;
			children = (
				B1C922A21CACF68400335A60 /* cities.plist */,
				DF159E181C80231C00DB65FF /* Images.xcassets */,
				814C3AC91B69877600E307BB /* Info.plist */,
			);
			path = Resources;
			sourceTree = "<group>";
		};
		81BA813C1A49DA1800E65899 = {
			isa = PBXGroup;
			children = (
				81BA81471A49DA1800E65899 /* Project */,
				DF159E141C7FF74700DB65FF /* Supporting Files */,
				814C3AC51B69877600E307BB /* Resources */,
				81BA816A1A49DB5600E65899 /* Frameworks */,
				81BA81461A49DA1800E65899 /* Products */,
				C5DE5BA5F4C2D37936EAAD91 /* Pods */,
			);
			sourceTree = "<group>";
		};
		81BA81461A49DA1800E65899 /* Products */ = {
			isa = PBXGroup;
			children = (
				81BA81451A49DA1800E65899 /* Wumi.app */,
			);
			name = Products;
			sourceTree = "<group>";
		};
		81BA81471A49DA1800E65899 /* Project */ = {
			isa = PBXGroup;
			children = (
				814C3AC61B69877600E307BB /* Main.storyboard */,
				DFA93ABB1C8F8ECB00ECA503 /* LaunchScreen.storyboard */,
				81BA814A1A49DA1800E65899 /* AppDelegate.swift */,
				DF5E3D381BE9457900F44FFF /* Model */,
				DFB7CC081BEA894300BEACB7 /* View */,
				DF5E3D3D1BE9461300F44FFF /* Controller */,
			);
			name = Project;
			path = Wumi;
			sourceTree = "<group>";
		};
		81BA816A1A49DB5600E65899 /* Frameworks */ = {
			isa = PBXGroup;
			children = (
				DF9F06051C5B6346008CA6DC /* libz.tbd */,
				DF9F06021C5B5FF0008CA6DC /* libicucore.tbd */,
				DF9F06001C5B5FD3008CA6DC /* CoreTelephony.framework */,
				DF9F05FE1C5B5FC9008CA6DC /* MobileCoreServices.framework */,
				DF9F05FC1C5B5F96008CA6DC /* AVOSCloud.framework */,
				DFD4A6171BE6D0A000C8B09E /* StoreKit.framework */,
				DFD4A6151BE6D09A00C8B09E /* Security.framework */,
				DFD4A6131BE6D08B00C8B09E /* QuartzCore.framework */,
				DFD4A6111BE6CF4200C8B09E /* CoreLocation.framework */,
				DFD4A60F1BE6CF3C00C8B09E /* CoreGraphics.framework */,
				DFD4A60D1BE6CF2D00C8B09E /* CFNetwork.framework */,
				81BA81751A49E0C500E65899 /* System Frameworks */,
				54C897A1341D196EA1C0BC21 /* Pods_Wumi.framework */,
			);
			name = Frameworks;
			sourceTree = "<group>";
		};
		81BA81751A49E0C500E65899 /* System Frameworks */ = {
			isa = PBXGroup;
			children = (
				81BA817E1A49E0F000E65899 /* libstdc++.6.dylib */,
				81BA817A1A49E0E500E65899 /* SystemConfiguration.framework */,
				81BA81781A49E0DB00E65899 /* AudioToolbox.framework */,
				81BA81761A49E0D500E65899 /* libsqlite3.dylib */,
			);
			name = "System Frameworks";
			sourceTree = "<group>";
		};
		C5DE5BA5F4C2D37936EAAD91 /* Pods */ = {
			isa = PBXGroup;
			children = (
				0D932665988FC790685577AA /* Pods-Wumi.debug.xcconfig */,
				EF924A8F3A88FA9716BF6670 /* Pods-Wumi.release.xcconfig */,
			);
			name = Pods;
			sourceTree = "<group>";
		};
		DF159E141C7FF74700DB65FF /* Supporting Files */ = {
			isa = PBXGroup;
			children = (
				DF173EF51C86A73D00018B4A /* Wumi-Bridging-Header.h */,
				DF173EEF1C86A58600018B4A /* Extensions.swift */,
				DF173EF01C86A58600018B4A /* Helper.swift */,
				DF173EEB1C86A55F00018B4A /* Constants.swift */,
			);
			name = "Supporting Files";
			path = Wumi;
			sourceTree = "<group>";
		};
		DF1BE2651C9F977300F934EE /* Post */ = {
			isa = PBXGroup;
			children = (
				DF1BE2661C9F978E00F934EE /* PostTableViewController.swift */,
				DFB6129E1CA5078E00B3271B /* NewPostViewController.swift */,
				DFB612A21CA61B7800B3271B /* PostViewController.swift */,
				DF2691FF1CAB8F420081D363 /* PostCategoryTableViewController.swift */,
			);
			name = Post;
			sourceTree = "<group>";
		};
		DF5E3D381BE9457900F44FFF /* Model */ = {
			isa = PBXGroup;
			children = (
				DF5E3D441BE9465000F44FFF /* User.swift */,
				DF7E3B4A1C92324D000E8741 /* Profession.swift */,
				DF1BE2681C9F9C7500F934EE /* Post.swift */,
				DFB250791CAB9C9800413D52 /* PostCategory.swift */,
				DFB612A81CA62CAD00B3271B /* Comment.swift */,
				DF9F060D1C7B7280008CA6DC /* Location.swift */,
				DFB0DC721C99CB87006BCD07 /* ProfileRow.swift */,
				DFBD2D401BEC671200D6FEBC /* InvitationCode.swift */,
				DFBD2D441BEEF8F800D6FEBC /* Setting.swift */,
			);
			name = Model;
			sourceTree = "<group>";
		};
		DF5E3D3D1BE9461300F44FFF /* Controller */ = {
			isa = PBXGroup;
			children = (
				DFA74C201BF8215900609E83 /* MainTabBarController.swift */,
				DFACE24F1C578F6D00C6D737 /* SelectPhotoActionSheet.swift */,
				DFB4152B1C1E706F00835EFE /* SignIn/SignUp */,
				DFB4152A1C1E705C00835EFE /* Settings */,
				DFACE2511C5A2E3B00C6D737 /* Contact */,
				DF1BE2651C9F977300F934EE /* Post */,
			);
			name = Controller;
			sourceTree = "<group>";
		};
		DFA93AC11C90DDC000ECA503 /* CustomCell */ = {
			isa = PBXGroup;
			children = (
				DFA93AD21C91299500ECA503 /* ProfileInputCell.xib */,
				DFA93ACC1C910C4C00ECA503 /* ProfileListCell.xib */,
				DFA93AD41C912A4D00ECA503 /* ProfileInputSwitchCell.xib */,
				DFA93AD81C91DFFA00ECA503 /* ContactLabelCell.xib */,
				DF9840101C96874F00620F3B /* ProfileCollectionCell.xib */,
				DF8D518E1C971419004D808E /* ProfessionSectionHeader.xib */,
				DF3629561C9B305100D87574 /* ContactTableViewCell.xib */,
				DF1BE2621C9F2EA300F934EE /* MessageTableViewCell.xib */,
				DFB612A51CA6284000B3271B /* CommentTableViewCell.xib */,
				DFA93ACE1C910DD700ECA503 /* ProfileCell.swift */,
				DFA93AC21C90DE3600ECA503 /* ProfileInputCell.swift */,
				DFA93ACA1C91016A00ECA503 /* ProfileListCell.swift */,
				DFA93AD61C912AFB00ECA503 /* ProfileInputSwitchCell.swift */,
				DFA93ADA1C91E0B900ECA503 /* ContactLabelCell.swift */,
				DF2117691C927FDD009109EE /* ProfileCollectionCell.swift */,
				DFA93AD01C91127800ECA503 /* ProfileCollectionLabel.swift */,
				DF8D51901C9716F5004D808E /* ProfessionSectionHeader.swift */,
				DF9F060F1C7BC72D008CA6DC /* ContactTableViewCell.swift */,
				DF1BE2611C9F2EA300F934EE /* MessageTableViewCell.swift */,
				DFB612A41CA6284000B3271B /* CommentTableViewCell.swift */,
			);
			name = CustomCell;
			sourceTree = "<group>";
		};
		DFACE2511C5A2E3B00C6D737 /* Contact */ = {
			isa = PBXGroup;
			children = (
				B15824021C82C40F00D314B3 /* ContactTableViewController.swift */,
				DFAE491B1C878F5400DDEE90 /* ContactViewController.swift */,
			);
			name = Contact;
			sourceTree = "<group>";
		};
		DFB4152A1C1E705C00835EFE /* Settings */ = {
			isa = PBXGroup;
			children = (
				DFA74C1E1BF81B1500609E83 /* WMUserTableViewController.swift */,
				DFA93AC41C90E04000ECA503 /* EditProfileViewController.swift */,
				DF72ACF41C65F79B00F81491 /* LocationListTableViewController.swift */,
				DF7E3B4C1C923C0A000E8741 /* ProfessionListViewController.swift */,
				B1997AF51CACDADC0086F8F4 /* CityListTableViewController.swift */,
			);
			name = Settings;
			sourceTree = "<group>";
		};
		DFB4152B1C1E706F00835EFE /* SignIn/SignUp */ = {
			isa = PBXGroup;
			children = (
				DFB861451BEDBA7E0075014A /* ScrollTextFieldViewController.swift */,
				DFBD2D421BEC7DF400D6FEBC /* AddProfileViewController.swift */,
				DF5E3D3E1BE9463F00F44FFF /* SigninViewController.swift */,
				DFBD2D3D1BEC626800D6FEBC /* SignUpAccountViewController.swift */,
				DFBD2D3B1BEC623E00D6FEBC /* InvitationCodeViewController.swift */,
			);
			name = SignIn/SignUp;
			sourceTree = "<group>";
		};
		DFB7CC081BEA894300BEACB7 /* View */ = {
			isa = PBXGroup;
			children = (
				DFA93AC11C90DDC000ECA503 /* CustomCell */,
				DFA93ADC1C91EE0600ECA503 /* FavoriteButton.swift */,
				DFB861471BEDBDF60075014A /* SystemButton.swift */,
				DFA93AB51C882FE700ECA503 /* TextLinkButton.swift */,
				DFB7CC061BEA893C00BEACB7 /* GraduationYearPickerView.swift */,
				DFB7CC0D1BEAB44E00BEACB7 /* DataInputTextField.swift */,
				DFA077441C92A79A00E3382E /* SettingSwitch.swift */,
				DFA8B0981BEB30F300D5B5DD /* HyperLinkTextView.swift */,
				DF72ACF21C64DBFA00F81491 /* AvatarImageView.swift */,
				DFB612941CA2637600B3271B /* UserBannerView.swift */,
				DFD90A141CAB87A1003A3B46 /* ComposePostView.swift */,
				DFA93AB91C88FCDB00ECA503 /* ColorGradientView.swift */,
				DFB612A01CA6158F00B3271B /* PostTextView.swift */,
			);
			name = View;
			sourceTree = "<group>";
		};
/* End PBXGroup section */

/* Begin PBXNativeTarget section */
		81BA81441A49DA1800E65899 /* Wumi */ = {
			isa = PBXNativeTarget;
			buildConfigurationList = 81BA81641A49DA1800E65899 /* Build configuration list for PBXNativeTarget "Wumi" */;
			buildPhases = (
				CD887128FF1D95015B29D92C /* 📦 Check Pods Manifest.lock */,
				81BA81411A49DA1800E65899 /* Sources */,
				81BA81421A49DA1800E65899 /* Frameworks */,
				81BA81431A49DA1800E65899 /* Resources */,
				81CC85E11A49F6D40076DE19 /* Upload Symbol Files */,
				26DBFF778290A0ED85970ED0 /* 📦 Embed Pods Frameworks */,
				75B6142EF479D08FA95A778D /* 📦 Copy Pods Resources */,
				E61980DFF0AAF653422796A5 /* Embed Pods Frameworks */,
			);
			buildRules = (
			);
			dependencies = (
			);
			name = Wumi;
			productName = ParseStarterProject;
			productReference = 81BA81451A49DA1800E65899 /* Wumi.app */;
			productType = "com.apple.product-type.application";
		};
/* End PBXNativeTarget section */

/* Begin PBXProject section */
		81BA813D1A49DA1800E65899 /* Project object */ = {
			isa = PBXProject;
			attributes = {
				LastSwiftUpdateCheck = 0720;
				LastUpgradeCheck = 0700;
				ORGANIZATIONNAME = Parse;
				TargetAttributes = {
					81BA81441A49DA1800E65899 = {
						CreatedOnToolsVersion = 6.1.1;
						DevelopmentTeam = K2Q6N244WC;
					};
				};
			};
			buildConfigurationList = 81BA81401A49DA1800E65899 /* Build configuration list for PBXProject "Wumi" */;
			compatibilityVersion = "Xcode 3.2";
			developmentRegion = English;
			hasScannedForEncodings = 0;
			knownRegions = (
				en,
				Base,
			);
			mainGroup = 81BA813C1A49DA1800E65899;
			productRefGroup = 81BA81461A49DA1800E65899 /* Products */;
			projectDirPath = "";
			projectRoot = "";
			targets = (
				81BA81441A49DA1800E65899 /* Wumi */,
			);
		};
/* End PBXProject section */

/* Begin PBXResourcesBuildPhase section */
		81BA81431A49DA1800E65899 /* Resources */ = {
			isa = PBXResourcesBuildPhase;
			buildActionMask = 2147483647;
			files = (
				DFA93ACD1C910C4C00ECA503 /* ProfileListCell.xib in Resources */,
				DF1BE2641C9F2EA300F934EE /* MessageTableViewCell.xib in Resources */,
				DFA93ABC1C8F8ECB00ECA503 /* LaunchScreen.storyboard in Resources */,
				DFA93AD31C91299500ECA503 /* ProfileInputCell.xib in Resources */,
				DF8D518F1C971419004D808E /* ProfessionSectionHeader.xib in Resources */,
				814C3ACA1B69877600E307BB /* Main.storyboard in Resources */,
				B1C922A31CACF68400335A60 /* cities.plist in Resources */,
				DFA93AD51C912A4D00ECA503 /* ProfileInputSwitchCell.xib in Resources */,
				DFA93AD91C91DFFA00ECA503 /* ContactLabelCell.xib in Resources */,
				DF159E191C80231C00DB65FF /* Images.xcassets in Resources */,
				DF3629571C9B305100D87574 /* ContactTableViewCell.xib in Resources */,
				DFB612A71CA6284000B3271B /* CommentTableViewCell.xib in Resources */,
				DF9840111C96874F00620F3B /* ProfileCollectionCell.xib in Resources */,
			);
			runOnlyForDeploymentPostprocessing = 0;
		};
/* End PBXResourcesBuildPhase section */

/* Begin PBXShellScriptBuildPhase section */
		26DBFF778290A0ED85970ED0 /* 📦 Embed Pods Frameworks */ = {
			isa = PBXShellScriptBuildPhase;
			buildActionMask = 2147483647;
			files = (
			);
			inputPaths = (
			);
			name = "📦 Embed Pods Frameworks";
			outputPaths = (
			);
			runOnlyForDeploymentPostprocessing = 0;
			shellPath = /bin/sh;
			shellScript = "\"${SRCROOT}/Pods/Target Support Files/Pods-Wumi/Pods-Wumi-frameworks.sh\"\n";
			showEnvVarsInLog = 0;
		};
		75B6142EF479D08FA95A778D /* 📦 Copy Pods Resources */ = {
			isa = PBXShellScriptBuildPhase;
			buildActionMask = 2147483647;
			files = (
			);
			inputPaths = (
			);
			name = "📦 Copy Pods Resources";
			outputPaths = (
			);
			runOnlyForDeploymentPostprocessing = 0;
			shellPath = /bin/sh;
			shellScript = "\"${SRCROOT}/Pods/Target Support Files/Pods-Wumi/Pods-Wumi-resources.sh\"\n";
			showEnvVarsInLog = 0;
		};
		81CC85E11A49F6D40076DE19 /* Upload Symbol Files */ = {
			isa = PBXShellScriptBuildPhase;
			buildActionMask = 2147483647;
			files = (
			);
			inputPaths = (
			);
			name = "Upload Symbol Files";
			outputPaths = (
			);
			runOnlyForDeploymentPostprocessing = 0;
			shellPath = /bin/sh;
			shellScript = "# This script will upload symbol files for your application,\n# so all your crash reports are going to be symbolicated\n\n# Important!\n# Before using the script, please initialize CloudCode folder and replace <path_to_cloudcode_folder> with the path to it\n#\n# Read more on Parse.com - https://parse.com/apps/quickstart#analytics/crashreporting/ios/\n############################################################\n\n\n# export PATH=/usr/local/bin:$PATH\n# cd <path_to_cloudcode_folder>\n\n# parse symbols -p \"${DWARF_DSYM_FOLDER_PATH}/${DWARF_DSYM_FILE_NAME}\"\n";
		};
		CD887128FF1D95015B29D92C /* 📦 Check Pods Manifest.lock */ = {
			isa = PBXShellScriptBuildPhase;
			buildActionMask = 2147483647;
			files = (
			);
			inputPaths = (
			);
			name = "📦 Check Pods Manifest.lock";
			outputPaths = (
			);
			runOnlyForDeploymentPostprocessing = 0;
			shellPath = /bin/sh;
			shellScript = "diff \"${PODS_ROOT}/../Podfile.lock\" \"${PODS_ROOT}/Manifest.lock\" > /dev/null\nif [[ $? != 0 ]] ; then\n    cat << EOM\nerror: The sandbox is not in sync with the Podfile.lock. Run 'pod install' or update your CocoaPods installation.\nEOM\n    exit 1\nfi\n";
			showEnvVarsInLog = 0;
		};
		E61980DFF0AAF653422796A5 /* Embed Pods Frameworks */ = {
			isa = PBXShellScriptBuildPhase;
			buildActionMask = 2147483647;
			files = (
			);
			inputPaths = (
			);
			name = "Embed Pods Frameworks";
			outputPaths = (
			);
			runOnlyForDeploymentPostprocessing = 0;
			shellPath = /bin/sh;
			shellScript = "\"${SRCROOT}/Pods/Target Support Files/Pods-Wumi/Pods-Wumi-frameworks.sh\"\n";
			showEnvVarsInLog = 0;
		};
/* End PBXShellScriptBuildPhase section */

/* Begin PBXSourcesBuildPhase section */
		81BA81411A49DA1800E65899 /* Sources */ = {
			isa = PBXSourcesBuildPhase;
			buildActionMask = 2147483647;
			files = (
				DF9F06101C7BC72D008CA6DC /* ContactTableViewCell.swift in Sources */,
				DFA93ADD1C91EE0600ECA503 /* FavoriteButton.swift in Sources */,
				DFB612A11CA6158F00B3271B /* PostTextView.swift in Sources */,
				DFA93ACB1C91016A00ECA503 /* ProfileListCell.swift in Sources */,
				DFB612A31CA61B7800B3271B /* PostViewController.swift in Sources */,
				DFB612A61CA6284000B3271B /* CommentTableViewCell.swift in Sources */,
				DFBD2D3C1BEC623E00D6FEBC /* InvitationCodeViewController.swift in Sources */,
				DFB861481BEDBDF60075014A /* SystemButton.swift in Sources */,
				DFB6129F1CA5078E00B3271B /* NewPostViewController.swift in Sources */,
				DF5E3D411BE9463F00F44FFF /* SigninViewController.swift in Sources */,
				DFBD2D411BEC671200D6FEBC /* InvitationCode.swift in Sources */,
				DFBD2D431BEC7DF400D6FEBC /* AddProfileViewController.swift in Sources */,
				DF173EF31C86A58600018B4A /* Helper.swift in Sources */,
				DFB612951CA2637600B3271B /* UserBannerView.swift in Sources */,
				DF173EEC1C86A55F00018B4A /* Constants.swift in Sources */,
				DF9F060E1C7B7280008CA6DC /* Location.swift in Sources */,
				DFBD2D451BEEF8F800D6FEBC /* Setting.swift in Sources */,
				DFA93AC51C90E04000ECA503 /* EditProfileViewController.swift in Sources */,
				DFA93AD11C91127800ECA503 /* ProfileCollectionLabel.swift in Sources */,
				DFA93AC31C90DE3600ECA503 /* ProfileInputCell.swift in Sources */,
				DF72ACF51C65F79B00F81491 /* LocationListTableViewController.swift in Sources */,
				DFA74C211BF8215900609E83 /* MainTabBarController.swift in Sources */,
				DFA93ABA1C88FCDB00ECA503 /* ColorGradientView.swift in Sources */,
				DFAE491C1C878F5400DDEE90 /* ContactViewController.swift in Sources */,
				DFA93ADB1C91E0B900ECA503 /* ContactLabelCell.swift in Sources */,
				DFA93AD71C912AFB00ECA503 /* ProfileInputSwitchCell.swift in Sources */,
				DFD90A151CAB87A1003A3B46 /* ComposePostView.swift in Sources */,
				B15824031C82C40F00D314B3 /* ContactTableViewController.swift in Sources */,
				DF173EF21C86A58600018B4A /* Extensions.swift in Sources */,
				DF2692001CAB8F420081D363 /* PostCategoryTableViewController.swift in Sources */,
				DFBD2D3E1BEC626800D6FEBC /* SignUpAccountViewController.swift in Sources */,
				DFB7CC071BEA893C00BEACB7 /* GraduationYearPickerView.swift in Sources */,
				DFB0DC731C99CB87006BCD07 /* ProfileRow.swift in Sources */,
				B1997AF61CACDADC0086F8F4 /* CityListTableViewController.swift in Sources */,
				DFA077451C92A79A00E3382E /* SettingSwitch.swift in Sources */,
				DFACE2501C578F6D00C6D737 /* SelectPhotoActionSheet.swift in Sources */,
				DF21176A1C927FDD009109EE /* ProfileCollectionCell.swift in Sources */,
				DF7E3B4D1C923C0A000E8741 /* ProfessionListViewController.swift in Sources */,
				DF7E3B4B1C92324D000E8741 /* Profession.swift in Sources */,
				DF5E3D451BE9465000F44FFF /* User.swift in Sources */,
				DFB861461BEDBA7E0075014A /* ScrollTextFieldViewController.swift in Sources */,
				DF1BE2691C9F9C7500F934EE /* Post.swift in Sources */,
				DF8D51911C9716F5004D808E /* ProfessionSectionHeader.swift in Sources */,
				DF72ACF31C64DBFA00F81491 /* AvatarImageView.swift in Sources */,
				DF1BE2631C9F2EA300F934EE /* MessageTableViewCell.swift in Sources */,
				DFA74C1F1BF81B1500609E83 /* WMUserTableViewController.swift in Sources */,
				DFB7CC0E1BEAB44E00BEACB7 /* DataInputTextField.swift in Sources */,
				DFB2507A1CAB9C9800413D52 /* PostCategory.swift in Sources */,
				DF1BE2671C9F978E00F934EE /* PostTableViewController.swift in Sources */,
				DFB612A91CA62CAD00B3271B /* Comment.swift in Sources */,
				DFA8B0991BEB30F300D5B5DD /* HyperLinkTextView.swift in Sources */,
				DFA93ACF1C910DD700ECA503 /* ProfileCell.swift in Sources */,
				DFA93AB61C882FE700ECA503 /* TextLinkButton.swift in Sources */,
				81BA814B1A49DA1800E65899 /* AppDelegate.swift in Sources */,
			);
			runOnlyForDeploymentPostprocessing = 0;
		};
/* End PBXSourcesBuildPhase section */

/* Begin PBXVariantGroup section */
		814C3AC61B69877600E307BB /* Main.storyboard */ = {
			isa = PBXVariantGroup;
			children = (
				814C3AC71B69877600E307BB /* Base */,
			);
			name = Main.storyboard;
			path = ../Resources;
			sourceTree = "<group>";
		};
/* End PBXVariantGroup section */

/* Begin XCBuildConfiguration section */
		81BA81621A49DA1800E65899 /* Debug */ = {
			isa = XCBuildConfiguration;
			buildSettings = {
				ALWAYS_SEARCH_USER_PATHS = NO;
				CLANG_CXX_LANGUAGE_STANDARD = "gnu++0x";
				CLANG_CXX_LIBRARY = "libc++";
				CLANG_ENABLE_MODULES = YES;
				CLANG_ENABLE_OBJC_ARC = YES;
				CLANG_WARN_BOOL_CONVERSION = YES;
				CLANG_WARN_CONSTANT_CONVERSION = YES;
				CLANG_WARN_DIRECT_OBJC_ISA_USAGE = YES_ERROR;
				CLANG_WARN_EMPTY_BODY = YES;
				CLANG_WARN_ENUM_CONVERSION = YES;
				CLANG_WARN_INT_CONVERSION = YES;
				CLANG_WARN_OBJC_ROOT_CLASS = YES_ERROR;
				CLANG_WARN_UNREACHABLE_CODE = YES;
				CLANG_WARN__DUPLICATE_METHOD_MATCH = YES;
				"CODE_SIGN_IDENTITY[sdk=iphoneos*]" = "iPhone Developer";
				COPY_PHASE_STRIP = NO;
				ENABLE_STRICT_OBJC_MSGSEND = YES;
				ENABLE_TESTABILITY = YES;
				GCC_C_LANGUAGE_STANDARD = gnu99;
				GCC_DYNAMIC_NO_PIC = NO;
				GCC_OPTIMIZATION_LEVEL = 0;
				GCC_PREPROCESSOR_DEFINITIONS = (
					"DEBUG=1",
					"$(inherited)",
				);
				GCC_SYMBOLS_PRIVATE_EXTERN = NO;
				GCC_WARN_64_TO_32_BIT_CONVERSION = YES;
				GCC_WARN_ABOUT_RETURN_TYPE = YES_ERROR;
				GCC_WARN_UNDECLARED_SELECTOR = YES;
				GCC_WARN_UNINITIALIZED_AUTOS = YES_AGGRESSIVE;
				GCC_WARN_UNUSED_FUNCTION = YES;
				GCC_WARN_UNUSED_VARIABLE = YES;
				IPHONEOS_DEPLOYMENT_TARGET = 9.0;
				MTL_ENABLE_DEBUG_INFO = YES;
				ONLY_ACTIVE_ARCH = YES;
				SDKROOT = iphoneos;
				SWIFT_OPTIMIZATION_LEVEL = "-Onone";
				TARGETED_DEVICE_FAMILY = "1,2";
			};
			name = Debug;
		};
		81BA81631A49DA1800E65899 /* Release */ = {
			isa = XCBuildConfiguration;
			buildSettings = {
				ALWAYS_SEARCH_USER_PATHS = NO;
				CLANG_CXX_LANGUAGE_STANDARD = "gnu++0x";
				CLANG_CXX_LIBRARY = "libc++";
				CLANG_ENABLE_MODULES = YES;
				CLANG_ENABLE_OBJC_ARC = YES;
				CLANG_WARN_BOOL_CONVERSION = YES;
				CLANG_WARN_CONSTANT_CONVERSION = YES;
				CLANG_WARN_DIRECT_OBJC_ISA_USAGE = YES_ERROR;
				CLANG_WARN_EMPTY_BODY = YES;
				CLANG_WARN_ENUM_CONVERSION = YES;
				CLANG_WARN_INT_CONVERSION = YES;
				CLANG_WARN_OBJC_ROOT_CLASS = YES_ERROR;
				CLANG_WARN_UNREACHABLE_CODE = YES;
				CLANG_WARN__DUPLICATE_METHOD_MATCH = YES;
				"CODE_SIGN_IDENTITY[sdk=iphoneos*]" = "iPhone Developer";
				COPY_PHASE_STRIP = YES;
				ENABLE_NS_ASSERTIONS = NO;
				ENABLE_STRICT_OBJC_MSGSEND = YES;
				GCC_C_LANGUAGE_STANDARD = gnu99;
				GCC_WARN_64_TO_32_BIT_CONVERSION = YES;
				GCC_WARN_ABOUT_RETURN_TYPE = YES_ERROR;
				GCC_WARN_UNDECLARED_SELECTOR = YES;
				GCC_WARN_UNINITIALIZED_AUTOS = YES_AGGRESSIVE;
				GCC_WARN_UNUSED_FUNCTION = YES;
				GCC_WARN_UNUSED_VARIABLE = YES;
				IPHONEOS_DEPLOYMENT_TARGET = 9.0;
				MTL_ENABLE_DEBUG_INFO = NO;
				SDKROOT = iphoneos;
				TARGETED_DEVICE_FAMILY = "1,2";
				VALIDATE_PRODUCT = YES;
			};
			name = Release;
		};
		81BA81651A49DA1800E65899 /* Debug */ = {
			isa = XCBuildConfiguration;
			baseConfigurationReference = 0D932665988FC790685577AA /* Pods-Wumi.debug.xcconfig */;
			buildSettings = {
				ASSETCATALOG_COMPILER_APPICON_NAME = AppIcon;
				CLANG_ENABLE_MODULES = YES;
				CODE_SIGN_IDENTITY = "iPhone Developer";
				FRAMEWORK_SEARCH_PATHS = (
					"$(inherited)",
					"$(PROJECT_DIR)",
					"${SRCROOT}/Pods",
				);
				INFOPLIST_FILE = Resources/Info.plist;
				IPHONEOS_DEPLOYMENT_TARGET = 9.0;
				LD_RUNPATH_SEARCH_PATHS = "$(inherited) @executable_path/Frameworks";
				PRODUCT_BUNDLE_IDENTIFIER = com.wumi.Wumi;
				PRODUCT_NAME = Wumi;
				SWIFT_OBJC_BRIDGING_HEADER = "Wumi/Wumi-Bridging-Header.h";
				SWIFT_OPTIMIZATION_LEVEL = "-Onone";
				TARGETED_DEVICE_FAMILY = 1;
			};
			name = Debug;
		};
		81BA81661A49DA1800E65899 /* Release */ = {
			isa = XCBuildConfiguration;
			baseConfigurationReference = EF924A8F3A88FA9716BF6670 /* Pods-Wumi.release.xcconfig */;
			buildSettings = {
				ASSETCATALOG_COMPILER_APPICON_NAME = AppIcon;
				CLANG_ENABLE_MODULES = YES;
				CODE_SIGN_IDENTITY = "iPhone Developer";
				FRAMEWORK_SEARCH_PATHS = (
					"$(inherited)",
					"$(PROJECT_DIR)",
					"${SRCROOT}/Pods",
				);
				INFOPLIST_FILE = Resources/Info.plist;
				IPHONEOS_DEPLOYMENT_TARGET = 9.0;
				LD_RUNPATH_SEARCH_PATHS = "$(inherited) @executable_path/Frameworks";
				PRODUCT_BUNDLE_IDENTIFIER = com.wumi.Wumi;
				PRODUCT_NAME = Wumi;
				SWIFT_OBJC_BRIDGING_HEADER = "Wumi/Wumi-Bridging-Header.h";
				TARGETED_DEVICE_FAMILY = 1;
			};
			name = Release;
		};
/* End XCBuildConfiguration section */

/* Begin XCConfigurationList section */
		81BA81401A49DA1800E65899 /* Build configuration list for PBXProject "Wumi" */ = {
			isa = XCConfigurationList;
			buildConfigurations = (
				81BA81621A49DA1800E65899 /* Debug */,
				81BA81631A49DA1800E65899 /* Release */,
			);
			defaultConfigurationIsVisible = 0;
			defaultConfigurationName = Release;
		};
		81BA81641A49DA1800E65899 /* Build configuration list for PBXNativeTarget "Wumi" */ = {
			isa = XCConfigurationList;
			buildConfigurations = (
				81BA81651A49DA1800E65899 /* Debug */,
				81BA81661A49DA1800E65899 /* Release */,
			);
			defaultConfigurationIsVisible = 0;
			defaultConfigurationName = Release;
		};
/* End XCConfigurationList section */
	};
	rootObject = 81BA813D1A49DA1800E65899 /* Project object */;
}
